
Microsoft Visual Studio Solution File, Format Version 12.00
# Visual Studio Version 17
VisualStudioVersion = 17.10.35122.118
MinimumVisualStudioVersion = 10.0.40219.1
Project("{9A19103F-16F7-4668-BE54-9A1E7A4F7556}") = "PZChecklist", "PZChecklist\PZChecklist.csproj", "{37EBD3F0-F6CF-4C74-82A5-E9F0EFA02345}"
EndProject
Project("{9A19103F-16F7-4668-BE54-9A1E7A4F7556}") = "PZChecklistLibrary", "FileReader\PZChecklistLibrary.csproj", "{88CDBBBA-3905-499C-BB68-3CB2DE10D019}"
EndProject
Global
	GlobalSection(SolutionConfigurationPlatforms) = preSolution
		Debug|Any CPU = Debug|Any CPU
		Release|Any CPU = Release|Any CPU
	EndGlobalSection
	GlobalSection(ProjectConfigurationPlatforms) = postSolution
		{37EBD3F0-F6CF-4C74-82A5-E9F0EFA02345}.Debug|Any CPU.ActiveCfg = Debug|Any CPU
		{37EBD3F0-F6CF-4C74-82A5-E9F0EFA02345}.Debug|Any CPU.Build.0 = Debug|Any CPU
		{37EBD3F0-F6CF-4C74-82A5-E9F0EFA02345}.Release|Any CPU.ActiveCfg = Release|Any CPU
		{37EBD3F0-F6CF-4C74-82A5-E9F0EFA02345}.Release|Any CPU.Build.0 = Release|Any CPU
		{88CDBBBA-3905-499C-BB68-3CB2DE10D019}.Debug|Any CPU.ActiveCfg = Debug|Any CPU
		{88CDBBBA-3905-499C-BB68-3CB2DE10D019}.Debug|Any CPU.Build.0 = Debug|Any CPU
		{88CDBBBA-3905-499C-BB68-3CB2DE10D019}.Release|Any CPU.ActiveCfg = Release|Any CPU
		{88CDBBBA-3905-499C-BB68-3CB2DE10D019}.Release|Any CPU.Build.0 = Release|Any CPU
	EndGlobalSection
	GlobalSection(SolutionProperties) = preSolution
		HideSolutionNode = FALSE
	EndGlobalSection
	GlobalSection(ExtensibilityGlobals) = postSolution
		SolutionGuid = {FDCC76E7-3EF0-4F65-AE23-4DE7D3C4F117}
	EndGlobalSection
EndGlobal
